// !$*UTF8*$!
{
	archiveVersion = 1;
	classes = {
	};
	objectVersion = 50;
	objects = {

/* Begin PBXBuildFile section */
		1A3EF67421FFFF670027461B /* iPhoneScreenSizeTool.swift in Sources */ = {isa = PBXBuildFile; fileRef = 1A3EF67321FFFF670027461B /* iPhoneScreenSizeTool.swift */; };
		1A47C07321F96B3300968383 /* UIImageExtension.swift in Sources */ = {isa = PBXBuildFile; fileRef = 1A47C07221F96B3300968383 /* UIImageExtension.swift */; };
		1A47C07521F96D0E00968383 /* ImageShowController.swift in Sources */ = {isa = PBXBuildFile; fileRef = 1A47C07421F96D0E00968383 /* ImageShowController.swift */; };
		1A4AF4AE21E43A5A002AC437 /* JCNetTool.swift in Sources */ = {isa = PBXBuildFile; fileRef = 1A4AF4AD21E43A5A002AC437 /* JCNetTool.swift */; };
		1A54299F21D1C74F00E4B73F /* AppDelegate.swift in Sources */ = {isa = PBXBuildFile; fileRef = 1A54299E21D1C74F00E4B73F /* AppDelegate.swift */; };
		1A5429A121D1C74F00E4B73F /* ViewController.swift in Sources */ = {isa = PBXBuildFile; fileRef = 1A5429A021D1C74F00E4B73F /* ViewController.swift */; };
		1A5429A421D1C74F00E4B73F /* Main.storyboard in Resources */ = {isa = PBXBuildFile; fileRef = 1A5429A221D1C74F00E4B73F /* Main.storyboard */; };
		1A5429A621D1C75000E4B73F /* Assets.xcassets in Resources */ = {isa = PBXBuildFile; fileRef = 1A5429A521D1C75000E4B73F /* Assets.xcassets */; };
		1A5429A921D1C75000E4B73F /* LaunchScreen.storyboard in Resources */ = {isa = PBXBuildFile; fileRef = 1A5429A721D1C75000E4B73F /* LaunchScreen.storyboard */; };
		1A5429B421D1C75000E4B73F /* SnapkitTestTests.swift in Sources */ = {isa = PBXBuildFile; fileRef = 1A5429B321D1C75000E4B73F /* SnapkitTestTests.swift */; };
		1A5429BF21D1C75000E4B73F /* SnapkitTestUITests.swift in Sources */ = {isa = PBXBuildFile; fileRef = 1A5429BE21D1C75000E4B73F /* SnapkitTestUITests.swift */; };
		1A62389521FEDBAF00813A59 /* MPhoneShellController.swift in Sources */ = {isa = PBXBuildFile; fileRef = 1A62389421FEDBAF00813A59 /* MPhoneShellController.swift */; };
		1A62389721FEF12800813A59 /* PhoneAppearanceView.swift in Sources */ = {isa = PBXBuildFile; fileRef = 1A62389621FEF12800813A59 /* PhoneAppearanceView.swift */; };
		1A62389921FEF72900813A59 /* PhoneCollectionCell.swift in Sources */ = {isa = PBXBuildFile; fileRef = 1A62389821FEF72900813A59 /* PhoneCollectionCell.swift */; };
		1A715EA921DC62D4008CC03A /* Extension+UITableView.swift in Sources */ = {isa = PBXBuildFile; fileRef = 1A715EA821DC62D4008CC03A /* Extension+UITableView.swift */; };
		1A715EAB21DC6A22008CC03A /* dataTableView.swift in Sources */ = {isa = PBXBuildFile; fileRef = 1A715EAA21DC6A22008CC03A /* dataTableView.swift */; };
		1A8F86B821EC573B001A3754 /* animationViewController.swift in Sources */ = {isa = PBXBuildFile; fileRef = 1A8F86B721EC573B001A3754 /* animationViewController.swift */; };
		537A57E791E5BE8B11F35B0F /* Pods_SnapkitTest.framework in Frameworks */ = {isa = PBXBuildFile; fileRef = 01BC590F57EFE7D983C7555A /* Pods_SnapkitTest.framework */; };
/* End PBXBuildFile section */

/* Begin PBXContainerItemProxy section */
		1A5429B021D1C75000E4B73F /* PBXContainerItemProxy */ = {
			isa = PBXContainerItemProxy;
			containerPortal = 1A54299321D1C74F00E4B73F /* Project object */;
			proxyType = 1;
			remoteGlobalIDString = 1A54299A21D1C74F00E4B73F;
			remoteInfo = SnapkitTest;
		};
		1A5429BB21D1C75000E4B73F /* PBXContainerItemProxy */ = {
			isa = PBXContainerItemProxy;
			containerPortal = 1A54299321D1C74F00E4B73F /* Project object */;
			proxyType = 1;
			remoteGlobalIDString = 1A54299A21D1C74F00E4B73F;
			remoteInfo = SnapkitTest;
		};
/* End PBXContainerItemProxy section */

/* Begin PBXFileReference section */
		01BC590F57EFE7D983C7555A /* Pods_SnapkitTest.framework */ = {isa = PBXFileReference; explicitFileType = wrapper.framework; includeInIndex = 0; path = Pods_SnapkitTest.framework; sourceTree = BUILT_PRODUCTS_DIR; };
		1A3EF67321FFFF670027461B /* iPhoneScreenSizeTool.swift */ = {isa = PBXFileReference; lastKnownFileType = sourcecode.swift; path = iPhoneScreenSizeTool.swift; sourceTree = "<group>"; };
		1A47C07221F96B3300968383 /* UIImageExtension.swift */ = {isa = PBXFileReference; lastKnownFileType = sourcecode.swift; path = UIImageExtension.swift; sourceTree = "<group>"; };
		1A47C07421F96D0E00968383 /* ImageShowController.swift */ = {isa = PBXFileReference; lastKnownFileType = sourcecode.swift; path = ImageShowController.swift; sourceTree = "<group>"; };
		1A4AF4A921E436A7002AC437 /* SnapkitTest-Bridging-Header.h */ = {isa = PBXFileReference; lastKnownFileType = sourcecode.c.h; path = "SnapkitTest-Bridging-Header.h"; sourceTree = "<group>"; };
		1A4AF4AD21E43A5A002AC437 /* JCNetTool.swift */ = {isa = PBXFileReference; lastKnownFileType = sourcecode.swift; path = JCNetTool.swift; sourceTree = "<group>"; };
		1A54299B21D1C74F00E4B73F /* SnapkitTest.app */ = {isa = PBXFileReference; explicitFileType = wrapper.application; includeInIndex = 0; path = SnapkitTest.app; sourceTree = BUILT_PRODUCTS_DIR; };
		1A54299E21D1C74F00E4B73F /* AppDelegate.swift */ = {isa = PBXFileReference; lastKnownFileType = sourcecode.swift; path = AppDelegate.swift; sourceTree = "<group>"; };
		1A5429A021D1C74F00E4B73F /* ViewController.swift */ = {isa = PBXFileReference; lastKnownFileType = sourcecode.swift; path = ViewController.swift; sourceTree = "<group>"; };
		1A5429A321D1C74F00E4B73F /* Base */ = {isa = PBXFileReference; lastKnownFileType = file.storyboard; name = Base; path = Base.lproj/Main.storyboard; sourceTree = "<group>"; };
		1A5429A521D1C75000E4B73F /* Assets.xcassets */ = {isa = PBXFileReference; lastKnownFileType = folder.assetcatalog; path = Assets.xcassets; sourceTree = "<group>"; };
		1A5429A821D1C75000E4B73F /* Base */ = {isa = PBXFileReference; lastKnownFileType = file.storyboard; name = Base; path = Base.lproj/LaunchScreen.storyboard; sourceTree = "<group>"; };
		1A5429AA21D1C75000E4B73F /* Info.plist */ = {isa = PBXFileReference; lastKnownFileType = text.plist.xml; path = Info.plist; sourceTree = "<group>"; };
		1A5429AF21D1C75000E4B73F /* SnapkitTestTests.xctest */ = {isa = PBXFileReference; explicitFileType = wrapper.cfbundle; includeInIndex = 0; path = SnapkitTestTests.xctest; sourceTree = BUILT_PRODUCTS_DIR; };
		1A5429B321D1C75000E4B73F /* SnapkitTestTests.swift */ = {isa = PBXFileReference; lastKnownFileType = sourcecode.swift; path = SnapkitTestTests.swift; sourceTree = "<group>"; };
		1A5429B521D1C75000E4B73F /* Info.plist */ = {isa = PBXFileReference; lastKnownFileType = text.plist.xml; path = Info.plist; sourceTree = "<group>"; };
		1A5429BA21D1C75000E4B73F /* SnapkitTestUITests.xctest */ = {isa = PBXFileReference; explicitFileType = wrapper.cfbundle; includeInIndex = 0; path = SnapkitTestUITests.xctest; sourceTree = BUILT_PRODUCTS_DIR; };
		1A5429BE21D1C75000E4B73F /* SnapkitTestUITests.swift */ = {isa = PBXFileReference; lastKnownFileType = sourcecode.swift; path = SnapkitTestUITests.swift; sourceTree = "<group>"; };
		1A5429C021D1C75000E4B73F /* Info.plist */ = {isa = PBXFileReference; lastKnownFileType = text.plist.xml; path = Info.plist; sourceTree = "<group>"; };
		1A62389421FEDBAF00813A59 /* MPhoneShellController.swift */ = {isa = PBXFileReference; lastKnownFileType = sourcecode.swift; path = MPhoneShellController.swift; sourceTree = "<group>"; };
		1A62389621FEF12800813A59 /* PhoneAppearanceView.swift */ = {isa = PBXFileReference; lastKnownFileType = sourcecode.swift; path = PhoneAppearanceView.swift; sourceTree = "<group>"; };
		1A62389821FEF72900813A59 /* PhoneCollectionCell.swift */ = {isa = PBXFileReference; lastKnownFileType = sourcecode.swift; path = PhoneCollectionCell.swift; sourceTree = "<group>"; };
		1A715EA821DC62D4008CC03A /* Extension+UITableView.swift */ = {isa = PBXFileReference; lastKnownFileType = sourcecode.swift; path = "Extension+UITableView.swift"; sourceTree = "<group>"; };
		1A715EAA21DC6A22008CC03A /* dataTableView.swift */ = {isa = PBXFileReference; lastKnownFileType = sourcecode.swift; path = dataTableView.swift; sourceTree = "<group>"; };
		1A8F86B721EC573B001A3754 /* animationViewController.swift */ = {isa = PBXFileReference; lastKnownFileType = sourcecode.swift; path = animationViewController.swift; sourceTree = "<group>"; };
		4A10562BD4207C652780F335 /* Pods-SnapkitTest.release.xcconfig */ = {isa = PBXFileReference; includeInIndex = 1; lastKnownFileType = text.xcconfig; name = "Pods-SnapkitTest.release.xcconfig"; path = "Pods/Target Support Files/Pods-SnapkitTest/Pods-SnapkitTest.release.xcconfig"; sourceTree = "<group>"; };
		5C1E6E05837626FA6B3715F4 /* Pods-SnapkitTest.debug.xcconfig */ = {isa = PBXFileReference; includeInIndex = 1; lastKnownFileType = text.xcconfig; name = "Pods-SnapkitTest.debug.xcconfig"; path = "Pods/Target Support Files/Pods-SnapkitTest/Pods-SnapkitTest.debug.xcconfig"; sourceTree = "<group>"; };
/* End PBXFileReference section */

/* Begin PBXFrameworksBuildPhase section */
		1A54299821D1C74F00E4B73F /* Frameworks */ = {
			isa = PBXFrameworksBuildPhase;
			buildActionMask = 2147483647;
			files = (
				537A57E791E5BE8B11F35B0F /* Pods_SnapkitTest.framework in Frameworks */,
			);
			runOnlyForDeploymentPostprocessing = 0;
		};
		1A5429AC21D1C75000E4B73F /* Frameworks */ = {
			isa = PBXFrameworksBuildPhase;
			buildActionMask = 2147483647;
			files = (
			);
			runOnlyForDeploymentPostprocessing = 0;
		};
		1A5429B721D1C75000E4B73F /* Frameworks */ = {
			isa = PBXFrameworksBuildPhase;
			buildActionMask = 2147483647;
			files = (
			);
			runOnlyForDeploymentPostprocessing = 0;
		};
/* End PBXFrameworksBuildPhase section */

/* Begin PBXGroup section */
		1A54299221D1C74F00E4B73F = {
			isa = PBXGroup;
			children = (
				1A54299D21D1C74F00E4B73F /* SnapkitTest */,
				1A5429B221D1C75000E4B73F /* SnapkitTestTests */,
				1A5429BD21D1C75000E4B73F /* SnapkitTestUITests */,
				1A54299C21D1C74F00E4B73F /* Products */,
				54F64F56E99F8CE606BE2654 /* Pods */,
				FB80D12D2A073B407D8BD9DC /* Frameworks */,
			);
			sourceTree = "<group>";
		};
		1A54299C21D1C74F00E4B73F /* Products */ = {
			isa = PBXGroup;
			children = (
				1A54299B21D1C74F00E4B73F /* SnapkitTest.app */,
				1A5429AF21D1C75000E4B73F /* SnapkitTestTests.xctest */,
				1A5429BA21D1C75000E4B73F /* SnapkitTestUITests.xctest */,
			);
			name = Products;
			sourceTree = "<group>";
		};
		1A54299D21D1C74F00E4B73F /* SnapkitTest */ = {
			isa = PBXGroup;
			children = (
				1A54299E21D1C74F00E4B73F /* AppDelegate.swift */,
				1A5429A021D1C74F00E4B73F /* ViewController.swift */,
				1A5429A221D1C74F00E4B73F /* Main.storyboard */,
				1A5429A521D1C75000E4B73F /* Assets.xcassets */,
				1A5429A721D1C75000E4B73F /* LaunchScreen.storyboard */,
				1A5429AA21D1C75000E4B73F /* Info.plist */,
				1A715EA821DC62D4008CC03A /* Extension+UITableView.swift */,
				1A715EAA21DC6A22008CC03A /* dataTableView.swift */,
				1A4AF4A921E436A7002AC437 /* SnapkitTest-Bridging-Header.h */,
				1A4AF4AD21E43A5A002AC437 /* JCNetTool.swift */,
				1A8F86B721EC573B001A3754 /* animationViewController.swift */,
				1A47C07221F96B3300968383 /* UIImageExtension.swift */,
				1A47C07421F96D0E00968383 /* ImageShowController.swift */,
				1A62389421FEDBAF00813A59 /* MPhoneShellController.swift */,
				1A62389621FEF12800813A59 /* PhoneAppearanceView.swift */,
				1A62389821FEF72900813A59 /* PhoneCollectionCell.swift */,
				1A3EF67321FFFF670027461B /* iPhoneScreenSizeTool.swift */,
			);
			path = SnapkitTest;
			sourceTree = "<group>";
		};
		1A5429B221D1C75000E4B73F /* SnapkitTestTests */ = {
			isa = PBXGroup;
			children = (
				1A5429B321D1C75000E4B73F /* SnapkitTestTests.swift */,
				1A5429B521D1C75000E4B73F /* Info.plist */,
			);
			path = SnapkitTestTests;
			sourceTree = "<group>";
		};
		1A5429BD21D1C75000E4B73F /* SnapkitTestUITests */ = {
			isa = PBXGroup;
			children = (
				1A5429BE21D1C75000E4B73F /* SnapkitTestUITests.swift */,
				1A5429C021D1C75000E4B73F /* Info.plist */,
			);
			path = SnapkitTestUITests;
			sourceTree = "<group>";
		};
		54F64F56E99F8CE606BE2654 /* Pods */ = {
			isa = PBXGroup;
			children = (
				5C1E6E05837626FA6B3715F4 /* Pods-SnapkitTest.debug.xcconfig */,
				4A10562BD4207C652780F335 /* Pods-SnapkitTest.release.xcconfig */,
			);
			name = Pods;
			sourceTree = "<group>";
		};
		FB80D12D2A073B407D8BD9DC /* Frameworks */ = {
			isa = PBXGroup;
			children = (
				01BC590F57EFE7D983C7555A /* Pods_SnapkitTest.framework */,
			);
			name = Frameworks;
			sourceTree = "<group>";
		};
/* End PBXGroup section */

/* Begin PBXNativeTarget section */
		1A54299A21D1C74F00E4B73F /* SnapkitTest */ = {
			isa = PBXNativeTarget;
			buildConfigurationList = 1A5429C321D1C75000E4B73F /* Build configuration list for PBXNativeTarget "SnapkitTest" */;
			buildPhases = (
				144C6F109519E5D541842A99 /* [CP] Check Pods Manifest.lock */,
				1A54299721D1C74F00E4B73F /* Sources */,
				1A54299821D1C74F00E4B73F /* Frameworks */,
				1A54299921D1C74F00E4B73F /* Resources */,
				BC0E3F857422AAC541E4B068 /* [CP] Embed Pods Frameworks */,
				D1580924DAA44EBBC4D3D51D /* [CP] Copy Pods Resources */,
			);
			buildRules = (
			);
			dependencies = (
			);
			name = SnapkitTest;
			productName = SnapkitTest;
			productReference = 1A54299B21D1C74F00E4B73F /* SnapkitTest.app */;
			productType = "com.apple.product-type.application";
		};
		1A5429AE21D1C75000E4B73F /* SnapkitTestTests */ = {
			isa = PBXNativeTarget;
			buildConfigurationList = 1A5429C621D1C75000E4B73F /* Build configuration list for PBXNativeTarget "SnapkitTestTests" */;
			buildPhases = (
				1A5429AB21D1C75000E4B73F /* Sources */,
				1A5429AC21D1C75000E4B73F /* Frameworks */,
				1A5429AD21D1C75000E4B73F /* Resources */,
			);
			buildRules = (
			);
			dependencies = (
				1A5429B121D1C75000E4B73F /* PBXTargetDependency */,
			);
			name = SnapkitTestTests;
			productName = SnapkitTestTests;
			productReference = 1A5429AF21D1C75000E4B73F /* SnapkitTestTests.xctest */;
			productType = "com.apple.product-type.bundle.unit-test";
		};
		1A5429B921D1C75000E4B73F /* SnapkitTestUITests */ = {
			isa = PBXNativeTarget;
			buildConfigurationList = 1A5429C921D1C75000E4B73F /* Build configuration list for PBXNativeTarget "SnapkitTestUITests" */;
			buildPhases = (
				1A5429B621D1C75000E4B73F /* Sources */,
				1A5429B721D1C75000E4B73F /* Frameworks */,
				1A5429B821D1C75000E4B73F /* Resources */,
			);
			buildRules = (
			);
			dependencies = (
				1A5429BC21D1C75000E4B73F /* PBXTargetDependency */,
			);
			name = SnapkitTestUITests;
			productName = SnapkitTestUITests;
			productReference = 1A5429BA21D1C75000E4B73F /* SnapkitTestUITests.xctest */;
			productType = "com.apple.product-type.bundle.ui-testing";
		};
/* End PBXNativeTarget section */

/* Begin PBXProject section */
		1A54299321D1C74F00E4B73F /* Project object */ = {
			isa = PBXProject;
			attributes = {
				LastSwiftUpdateCheck = 1010;
				LastUpgradeCheck = 1010;
				ORGANIZATIONNAME = jamesChen;
				TargetAttributes = {
					1A54299A21D1C74F00E4B73F = {
						CreatedOnToolsVersion = 10.1;
						LastSwiftMigration = 1010;
					};
					1A5429AE21D1C75000E4B73F = {
						CreatedOnToolsVersion = 10.1;
						TestTargetID = 1A54299A21D1C74F00E4B73F;
					};
					1A5429B921D1C75000E4B73F = {
						CreatedOnToolsVersion = 10.1;
						TestTargetID = 1A54299A21D1C74F00E4B73F;
					};
				};
			};
			buildConfigurationList = 1A54299621D1C74F00E4B73F /* Build configuration list for PBXProject "SnapkitTest" */;
			compatibilityVersion = "Xcode 9.3";
			developmentRegion = en;
			hasScannedForEncodings = 0;
			knownRegions = (
				en,
				Base,
			);
			mainGroup = 1A54299221D1C74F00E4B73F;
			productRefGroup = 1A54299C21D1C74F00E4B73F /* Products */;
			projectDirPath = "";
			projectRoot = "";
			targets = (
				1A54299A21D1C74F00E4B73F /* SnapkitTest */,
				1A5429AE21D1C75000E4B73F /* SnapkitTestTests */,
				1A5429B921D1C75000E4B73F /* SnapkitTestUITests */,
			);
		};
/* End PBXProject section */

/* Begin PBXResourcesBuildPhase section */
		1A54299921D1C74F00E4B73F /* Resources */ = {
			isa = PBXResourcesBuildPhase;
			buildActionMask = 2147483647;
			files = (
				1A5429A921D1C75000E4B73F /* LaunchScreen.storyboard in Resources */,
				1A5429A621D1C75000E4B73F /* Assets.xcassets in Resources */,
				1A5429A421D1C74F00E4B73F /* Main.storyboard in Resources */,
			);
			runOnlyForDeploymentPostprocessing = 0;
		};
		1A5429AD21D1C75000E4B73F /* Resources */ = {
			isa = PBXResourcesBuildPhase;
			buildActionMask = 2147483647;
			files = (
			);
			runOnlyForDeploymentPostprocessing = 0;
		};
		1A5429B821D1C75000E4B73F /* Resources */ = {
			isa = PBXResourcesBuildPhase;
			buildActionMask = 2147483647;
			files = (
			);
			runOnlyForDeploymentPostprocessing = 0;
		};
/* End PBXResourcesBuildPhase section */

/* Begin PBXShellScriptBuildPhase section */
		144C6F109519E5D541842A99 /* [CP] Check Pods Manifest.lock */ = {
			isa = PBXShellScriptBuildPhase;
			buildActionMask = 2147483647;
			files = (
			);
			inputPaths = (
				"${PODS_PODFILE_DIR_PATH}/Podfile.lock",
				"${PODS_ROOT}/Manifest.lock",
			);
			name = "[CP] Check Pods Manifest.lock";
			outputPaths = (
				"$(DERIVED_FILE_DIR)/Pods-SnapkitTest-checkManifestLockResult.txt",
			);
			runOnlyForDeploymentPostprocessing = 0;
			shellPath = /bin/sh;
			shellScript = "diff \"${PODS_PODFILE_DIR_PATH}/Podfile.lock\" \"${PODS_ROOT}/Manifest.lock\" > /dev/null\nif [ $? != 0 ] ; then\n    # print error to STDERR\n    echo \"error: The sandbox is not in sync with the Podfile.lock. Run 'pod install' or update your CocoaPods installation.\" >&2\n    exit 1\nfi\n# This output is used by Xcode 'outputs' to avoid re-running this script phase.\necho \"SUCCESS\" > \"${SCRIPT_OUTPUT_FILE_0}\"\n";
			showEnvVarsInLog = 0;
		};
		BC0E3F857422AAC541E4B068 /* [CP] Embed Pods Frameworks */ = {
			isa = PBXShellScriptBuildPhase;
			buildActionMask = 2147483647;
			files = (
			);
			inputPaths = (
				"${SRCROOT}/Pods/Target Support Files/Pods-SnapkitTest/Pods-SnapkitTest-frameworks.sh",
				"${BUILT_PRODUCTS_DIR}/Alamofire/Alamofire.framework",
				"${BUILT_PRODUCTS_DIR}/Masonry/Masonry.framework",
				"${BUILT_PRODUCTS_DIR}/SnapKit/SnapKit.framework",
				"${BUILT_PRODUCTS_DIR}/SwiftyJSON/SwiftyJSON.framework",
			);
			name = "[CP] Embed Pods Frameworks";
			outputPaths = (
				"${TARGET_BUILD_DIR}/${FRAMEWORKS_FOLDER_PATH}/Alamofire.framework",
				"${TARGET_BUILD_DIR}/${FRAMEWORKS_FOLDER_PATH}/Masonry.framework",
				"${TARGET_BUILD_DIR}/${FRAMEWORKS_FOLDER_PATH}/SnapKit.framework",
				"${TARGET_BUILD_DIR}/${FRAMEWORKS_FOLDER_PATH}/SwiftyJSON.framework",
			);
			runOnlyForDeploymentPostprocessing = 0;
			shellPath = /bin/sh;
			shellScript = "\"${SRCROOT}/Pods/Target Support Files/Pods-SnapkitTest/Pods-SnapkitTest-frameworks.sh\"\n";
			showEnvVarsInLog = 0;
		};
		D1580924DAA44EBBC4D3D51D /* [CP] Copy Pods Resources */ = {
			isa = PBXShellScriptBuildPhase;
			buildActionMask = 2147483647;
			files = (
			);
			inputPaths = (
				"${SRCROOT}/Pods/Target Support Files/Pods-SnapkitTest/Pods-SnapkitTest-resources.sh",
				"${PODS_ROOT}/RongCloudIM/RongCloudIM/RongCloud.bundle",
				"${PODS_ROOT}/RongCloudIM/RongCloudIM/en.lproj",
				"${PODS_ROOT}/RongCloudIM/RongCloudIM/zh-Hans.lproj",
				"${PODS_ROOT}/RongCloudIM/RongCloudIM/Emoji.plist",
				"${PODS_ROOT}/RongCloudIM/RongCloudIM/RCConfig.plist",
			);
			name = "[CP] Copy Pods Resources";
			outputPaths = (
				"${TARGET_BUILD_DIR}/${UNLOCALIZED_RESOURCES_FOLDER_PATH}/RongCloud.bundle",
				"${TARGET_BUILD_DIR}/${UNLOCALIZED_RESOURCES_FOLDER_PATH}/en.lproj",
				"${TARGET_BUILD_DIR}/${UNLOCALIZED_RESOURCES_FOLDER_PATH}/zh-Hans.lproj",
				"${TARGET_BUILD_DIR}/${UNLOCALIZED_RESOURCES_FOLDER_PATH}/Emoji.plist",
				"${TARGET_BUILD_DIR}/${UNLOCALIZED_RESOURCES_FOLDER_PATH}/RCConfig.plist",
			);
			runOnlyForDeploymentPostprocessing = 0;
			shellPath = /bin/sh;
			shellScript = "\"${SRCROOT}/Pods/Target Support Files/Pods-SnapkitTest/Pods-SnapkitTest-resources.sh\"\n";
			showEnvVarsInLog = 0;
		};
/* End PBXShellScriptBuildPhase section */

/* Begin PBXSourcesBuildPhase section */
		1A54299721D1C74F00E4B73F /* Sources */ = {
			isa = PBXSourcesBuildPhase;
			buildActionMask = 2147483647;
			files = (
				1A62389521FEDBAF00813A59 /* MPhoneShellController.swift in Sources */,
				1A5429A121D1C74F00E4B73F /* ViewController.swift in Sources */,
				1A715EA921DC62D4008CC03A /* Extension+UITableView.swift in Sources */,
				1A47C07321F96B3300968383 /* UIImageExtension.swift in Sources */,
				1A54299F21D1C74F00E4B73F /* AppDelegate.swift in Sources */,
				1A62389721FEF12800813A59 /* PhoneAppearanceView.swift in Sources */,
				1A62389921FEF72900813A59 /* PhoneCollectionCell.swift in Sources */,
				1A47C07521F96D0E00968383 /* ImageShowController.swift in Sources */,
				1A8F86B821EC573B001A3754 /* animationViewController.swift in Sources */,
				1A3EF67421FFFF670027461B /* iPhoneScreenSizeTool.swift in Sources */,
				1A4AF4AE21E43A5A002AC437 /* JCNetTool.swift in Sources */,
				1A715EAB21DC6A22008CC03A /* dataTableView.swift in Sources */,
			);
			runOnlyForDeploymentPostprocessing = 0;
		};
		1A5429AB21D1C75000E4B73F /* Sources */ = {
			isa = PBXSourcesBuildPhase;
			buildActionMask = 2147483647;
			files = (
				1A5429B421D1C75000E4B73F /* SnapkitTestTests.swift in Sources */,
			);
			runOnlyForDeploymentPostprocessing = 0;
		};
		1A5429B621D1C75000E4B73F /* Sources */ = {
			isa = PBXSourcesBuildPhase;
			buildActionMask = 2147483647;
			files = (
				1A5429BF21D1C75000E4B73F /* SnapkitTestUITests.swift in Sources */,
			);
			runOnlyForDeploymentPostprocessing = 0;
		};
/* End PBXSourcesBuildPhase section */

/* Begin PBXTargetDependency section */
		1A5429B121D1C75000E4B73F /* PBXTargetDependency */ = {
			isa = PBXTargetDependency;
			target = 1A54299A21D1C74F00E4B73F /* SnapkitTest */;
			targetProxy = 1A5429B021D1C75000E4B73F /* PBXContainerItemProxy */;
		};
		1A5429BC21D1C75000E4B73F /* PBXTargetDependency */ = {
			isa = PBXTargetDependency;
			target = 1A54299A21D1C74F00E4B73F /* SnapkitTest */;
			targetProxy = 1A5429BB21D1C75000E4B73F /* PBXContainerItemProxy */;
		};
/* End PBXTargetDependency section */

/* Begin PBXVariantGroup section */
		1A5429A221D1C74F00E4B73F /* Main.storyboard */ = {
			isa = PBXVariantGroup;
			children = (
				1A5429A321D1C74F00E4B73F /* Base */,
			);
			name = Main.storyboard;
			sourceTree = "<group>";
		};
		1A5429A721D1C75000E4B73F /* LaunchScreen.storyboard */ = {
			isa = PBXVariantGroup;
			children = (
				1A5429A821D1C75000E4B73F /* Base */,
			);
			name = LaunchScreen.storyboard;
			sourceTree = "<group>";
		};
/* End PBXVariantGroup section */

/* Begin XCBuildConfiguration section */
		1A5429C121D1C75000E4B73F /* Debug */ = {
			isa = XCBuildConfiguration;
			buildSettings = {
				ALWAYS_SEARCH_USER_PATHS = NO;
				CLANG_ANALYZER_NONNULL = YES;
				CLANG_ANALYZER_NUMBER_OBJECT_CONVERSION = YES_AGGRESSIVE;
				CLANG_CXX_LANGUAGE_STANDARD = "gnu++14";
				CLANG_CXX_LIBRARY = "libc++";
				CLANG_ENABLE_MODULES = YES;
				CLANG_ENABLE_OBJC_ARC = YES;
				CLANG_ENABLE_OBJC_WEAK = YES;
				CLANG_WARN_BLOCK_CAPTURE_AUTORELEASING = YES;
				CLANG_WARN_BOOL_CONVERSION = YES;
				CLANG_WARN_COMMA = YES;
				CLANG_WARN_CONSTANT_CONVERSION = YES;
				CLANG_WARN_DEPRECATED_OBJC_IMPLEMENTATIONS = YES;
				CLANG_WARN_DIRECT_OBJC_ISA_USAGE = YES_ERROR;
				CLANG_WARN_DOCUMENTATION_COMMENTS = YES;
				CLANG_WARN_EMPTY_BODY = YES;
				CLANG_WARN_ENUM_CONVERSION = YES;
				CLANG_WARN_INFINITE_RECURSION = YES;
				CLANG_WARN_INT_CONVERSION = YES;
				CLANG_WARN_NON_LITERAL_NULL_CONVERSION = YES;
				CLANG_WARN_OBJC_IMPLICIT_RETAIN_SELF = YES;
				CLANG_WARN_OBJC_LITERAL_CONVERSION = YES;
				CLANG_WARN_OBJC_ROOT_CLASS = YES_ERROR;
				CLANG_WARN_RANGE_LOOP_ANALYSIS = YES;
				CLANG_WARN_STRICT_PROTOTYPES = YES;
				CLANG_WARN_SUSPICIOUS_MOVE = YES;
				CLANG_WARN_UNGUARDED_AVAILABILITY = YES_AGGRESSIVE;
				CLANG_WARN_UNREACHABLE_CODE = YES;
				CLANG_WARN__DUPLICATE_METHOD_MATCH = YES;
				CODE_SIGN_IDENTITY = "iPhone Developer";
				COPY_PHASE_STRIP = NO;
				DEBUG_INFORMATION_FORMAT = dwarf;
				ENABLE_STRICT_OBJC_MSGSEND = YES;
				ENABLE_TESTABILITY = YES;
				GCC_C_LANGUAGE_STANDARD = gnu11;
				GCC_DYNAMIC_NO_PIC = NO;
				GCC_NO_COMMON_BLOCKS = YES;
				GCC_OPTIMIZATION_LEVEL = 0;
				GCC_PREPROCESSOR_DEFINITIONS = (
					"DEBUG=1",
					"$(inherited)",
				);
				GCC_WARN_64_TO_32_BIT_CONVERSION = YES;
				GCC_WARN_ABOUT_RETURN_TYPE = YES_ERROR;
				GCC_WARN_UNDECLARED_SELECTOR = YES;
				GCC_WARN_UNINITIALIZED_AUTOS = YES_AGGRESSIVE;
				GCC_WARN_UNUSED_FUNCTION = YES;
				GCC_WARN_UNUSED_VARIABLE = YES;
				IPHONEOS_DEPLOYMENT_TARGET = 12.1;
				MTL_ENABLE_DEBUG_INFO = INCLUDE_SOURCE;
				MTL_FAST_MATH = YES;
				ONLY_ACTIVE_ARCH = YES;
				SDKROOT = iphoneos;
				SWIFT_ACTIVE_COMPILATION_CONDITIONS = DEBUG;
				SWIFT_OPTIMIZATION_LEVEL = "-Onone";
			};
			name = Debug;
		};
		1A5429C221D1C75000E4B73F /* Release */ = {
			isa = XCBuildConfiguration;
			buildSettings = {
				ALWAYS_SEARCH_USER_PATHS = NO;
				CLANG_ANALYZER_NONNULL = YES;
				CLANG_ANALYZER_NUMBER_OBJECT_CONVERSION = YES_AGGRESSIVE;
				CLANG_CXX_LANGUAGE_STANDARD = "gnu++14";
				CLANG_CXX_LIBRARY = "libc++";
				CLANG_ENABLE_MODULES = YES;
				CLANG_ENABLE_OBJC_ARC = YES;
				CLANG_ENABLE_OBJC_WEAK = YES;
				CLANG_WARN_BLOCK_CAPTURE_AUTORELEASING = YES;
				CLANG_WARN_BOOL_CONVERSION = YES;
				CLANG_WARN_COMMA = YES;
				CLANG_WARN_CONSTANT_CONVERSION = YES;
				CLANG_WARN_DEPRECATED_OBJC_IMPLEMENTATIONS = YES;
				CLANG_WARN_DIRECT_OBJC_ISA_USAGE = YES_ERROR;
				CLANG_WARN_DOCUMENTATION_COMMENTS = YES;
				CLANG_WARN_EMPTY_BODY = YES;
				CLANG_WARN_ENUM_CONVERSION = YES;
				CLANG_WARN_INFINITE_RECURSION = YES;
				CLANG_WARN_INT_CONVERSION = YES;
				CLANG_WARN_NON_LITERAL_NULL_CONVERSION = YES;
				CLANG_WARN_OBJC_IMPLICIT_RETAIN_SELF = YES;
				CLANG_WARN_OBJC_LITERAL_CONVERSION = YES;
				CLANG_WARN_OBJC_ROOT_CLASS = YES_ERROR;
				CLANG_WARN_RANGE_LOOP_ANALYSIS = YES;
				CLANG_WARN_STRICT_PROTOTYPES = YES;
				CLANG_WARN_SUSPICIOUS_MOVE = YES;
				CLANG_WARN_UNGUARDED_AVAILABILITY = YES_AGGRESSIVE;
				CLANG_WARN_UNREACHABLE_CODE = YES;
				CLANG_WARN__DUPLICATE_METHOD_MATCH = YES;
				CODE_SIGN_IDENTITY = "iPhone Developer";
				COPY_PHASE_STRIP = NO;
				DEBUG_INFORMATION_FORMAT = "dwarf-with-dsym";
				ENABLE_NS_ASSERTIONS = NO;
				ENABLE_STRICT_OBJC_MSGSEND = YES;
				GCC_C_LANGUAGE_STANDARD = gnu11;
				GCC_NO_COMMON_BLOCKS = YES;
				GCC_WARN_64_TO_32_BIT_CONVERSION = YES;
				GCC_WARN_ABOUT_RETURN_TYPE = YES_ERROR;
				GCC_WARN_UNDECLARED_SELECTOR = YES;
				GCC_WARN_UNINITIALIZED_AUTOS = YES_AGGRESSIVE;
				GCC_WARN_UNUSED_FUNCTION = YES;
				GCC_WARN_UNUSED_VARIABLE = YES;
				IPHONEOS_DEPLOYMENT_TARGET = 12.1;
				MTL_ENABLE_DEBUG_INFO = NO;
				MTL_FAST_MATH = YES;
				SDKROOT = iphoneos;
				SWIFT_COMPILATION_MODE = wholemodule;
				SWIFT_OPTIMIZATION_LEVEL = "-O";
				VALIDATE_PRODUCT = YES;
			};
			name = Release;
		};
		1A5429C421D1C75000E4B73F /* Debug */ = {
			isa = XCBuildConfiguration;
			baseConfigurationReference = 5C1E6E05837626FA6B3715F4 /* Pods-SnapkitTest.debug.xcconfig */;
			buildSettings = {
				ASSETCATALOG_COMPILER_APPICON_NAME = AppIcon;
				CLANG_ENABLE_MODULES = YES;
				CODE_SIGN_STYLE = Automatic;
				DEVELOPMENT_TEAM = MWYVSB3583;
				INFOPLIST_FILE = SnapkitTest/Info.plist;
				IPHONEOS_DEPLOYMENT_TARGET = 12.0;
				LD_RUNPATH_SEARCH_PATHS = (
					"$(inherited)",
					"@executable_path/Frameworks",
				);
				PRODUCT_BUNDLE_IDENTIFIER = JC.SnapkitTest;
				PRODUCT_NAME = "$(TARGET_NAME)";
				SWIFT_OBJC_BRIDGING_HEADER = "SnapkitTest/SnapkitTest-Bridging-Header.h";
				SWIFT_OPTIMIZATION_LEVEL = "-Onone";
				SWIFT_VERSION = 4.2;
				TARGETED_DEVICE_FAMILY = "1,2";
			};
			name = Debug;
		};
		1A5429C521D1C75000E4B73F /* Release */ = {
			isa = XCBuildConfiguration;
			baseConfigurationReference = 4A10562BD4207C652780F335 /* Pods-SnapkitTest.release.xcconfig */;
			buildSettings = {
				ASSETCATALOG_COMPILER_APPICON_NAME = AppIcon;
				CLANG_ENABLE_MODULES = YES;
				CODE_SIGN_STYLE = Automatic;
				DEVELOPMENT_TEAM = MWYVSB3583;
				INFOPLIST_FILE = SnapkitTest/Info.plist;
				IPHONEOS_DEPLOYMENT_TARGET = 12.0;
				LD_RUNPATH_SEARCH_PATHS = (
					"$(inherited)",
					"@executable_path/Frameworks",
				);
				PRODUCT_BUNDLE_IDENTIFIER = JC.SnapkitTest;
				PRODUCT_NAME = "$(TARGET_NAME)";
				SWIFT_OBJC_BRIDGING_HEADER = "SnapkitTest/SnapkitTest-Bridging-Header.h";
				SWIFT_VERSION = 4.2;
				TARGETED_DEVICE_FAMILY = "1,2";
			};
			name = Release;
		};
		1A5429C721D1C75000E4B73F /* Debug */ = {
			isa = XCBuildConfiguration;
			buildSettings = {
				ALWAYS_EMBED_SWIFT_STANDARD_LIBRARIES = YES;
				BUNDLE_LOADER = "$(TEST_HOST)";
				CODE_SIGN_STYLE = Automatic;
				DEVELOPMENT_TEAM = MWYVSB3583;
				INFOPLIST_FILE = SnapkitTestTests/Info.plist;
				LD_RUNPATH_SEARCH_PATHS = (
					"$(inherited)",
					"@executable_path/Frameworks",
					"@loader_path/Frameworks",
				);
				PRODUCT_BUNDLE_IDENTIFIER = JC.SnapkitTestTests;
				PRODUCT_NAME = "$(TARGET_NAME)";
				SWIFT_VERSION = 4.2;
				TARGETED_DEVICE_FAMILY = "1,2";
				TEST_HOST = "$(BUILT_PRODUCTS_DIR)/SnapkitTest.app/SnapkitTest";
			};
			name = Debug;
		};
		1A5429C821D1C75000E4B73F /* Release */ = {
			isa = XCBuildConfiguration;
			buildSettings = {
				ALWAYS_EMBED_SWIFT_STANDARD_LIBRARIES = YES;
				BUNDLE_LOADER = "$(TEST_HOST)";
				CODE_SIGN_STYLE = Automatic;
				DEVELOPMENT_TEAM = MWYVSB3583;
				INFOPLIST_FILE = SnapkitTestTests/Info.plist;
				LD_RUNPATH_SEARCH_PATHS = (
					"$(inherited)",
					"@executable_path/Frameworks",
					"@loader_path/Frameworks",
				);
				PRODUCT_BUNDLE_IDENTIFIER = JC.SnapkitTestTests;
				PRODUCT_NAME = "$(TARGET_NAME)";
				SWIFT_VERSION = 4.2;
				TARGETED_DEVICE_FAMILY = "1,2";
				TEST_HOST = "$(BUILT_PRODUCTS_DIR)/SnapkitTest.app/SnapkitTest";
			};
			name = Release;
		};
		1A5429CA21D1C75000E4B73F /* Debug */ = {
			isa = XCBuildConfiguration;
			buildSettings = {
				ALWAYS_EMBED_SWIFT_STANDARD_LIBRARIES = YES;
				CODE_SIGN_STYLE = Automatic;
				DEVELOPMENT_TEAM = MWYVSB3583;
				INFOPLIST_FILE = SnapkitTestUITests/Info.plist;
				LD_RUNPATH_SEARCH_PATHS = (
					"$(inherited)",
					"@executable_path/Frameworks",
					"@loader_path/Frameworks",
				);
				PRODUCT_BUNDLE_IDENTIFIER = JC.SnapkitTestUITests;
				PRODUCT_NAME = "$(TARGET_NAME)";
				SWIFT_VERSION = 4.2;
				TARGETED_DEVICE_FAMILY = "1,2";
				TEST_TARGET_NAME = SnapkitTest;
			};
			name = Debug;
		};
		1A5429CB21D1C75000E4B73F /* Release */ = {
			isa = XCBuildConfiguration;
			buildSettings = {
				ALWAYS_EMBED_SWIFT_STANDARD_LIBRARIES = YES;
				CODE_SIGN_STYLE = Automatic;
				DEVELOPMENT_TEAM = MWYVSB3583;
				INFOPLIST_FILE = SnapkitTestUITests/Info.plist;
				LD_RUNPATH_SEARCH_PATHS = (
					"$(inherited)",
					"@executable_path/Frameworks",
					"@loader_path/Frameworks",
				);
				PRODUCT_BUNDLE_IDENTIFIER = JC.SnapkitTestUITests;
				PRODUCT_NAME = "$(TARGET_NAME)";
				SWIFT_VERSION = 4.2;
				TARGETED_DEVICE_FAMILY = "1,2";
				TEST_TARGET_NAME = SnapkitTest;
			};
			name = Release;
		};
/* End XCBuildConfiguration section */

/* Begin XCConfigurationList section */
		1A54299621D1C74F00E4B73F /* Build configuration list for PBXProject "SnapkitTest" */ = {
			isa = XCConfigurationList;
			buildConfigurations = (
				1A5429C121D1C75000E4B73F /* Debug */,
				1A5429C221D1C75000E4B73F /* Release */,
			);
			defaultConfigurationIsVisible = 0;
			defaultConfigurationName = Release;
		};
		1A5429C321D1C75000E4B73F /* Build configuration list for PBXNativeTarget "SnapkitTest" */ = {
			isa = XCConfigurationList;
			buildConfigurations = (
				1A5429C421D1C75000E4B73F /* Debug */,
				1A5429C521D1C75000E4B73F /* Release */,
			);
			defaultConfigurationIsVisible = 0;
			defaultConfigurationName = Release;
		};
		1A5429C621D1C75000E4B73F /* Build configuration list for PBXNativeTarget "SnapkitTestTests" */ = {
			isa = XCConfigurationList;
			buildConfigurations = (
				1A5429C721D1C75000E4B73F /* Debug */,
				1A5429C821D1C75000E4B73F /* Release */,
			);
			defaultConfigurationIsVisible = 0;
			defaultConfigurationName = Release;
		};
		1A5429C921D1C75000E4B73F /* Build configuration list for PBXNativeTarget "SnapkitTestUITests" */ = {
			isa = XCConfigurationList;
			buildConfigurations = (
				1A5429CA21D1C75000E4B73F /* Debug */,
				1A5429CB21D1C75000E4B73F /* Release */,
			);
			defaultConfigurationIsVisible = 0;
			defaultConfigurationName = Release;
		};
/* End XCConfigurationList section */
	};
	rootObject = 1A54299321D1C74F00E4B73F /* Project object */;
}
